// !$*UTF8*$!
{
	archiveVersion = 1;
	classes = {
	};
	objectVersion = 50;
	objects = {

/* Begin PBXBuildFile section */
		348C5E07223C947700E88394 /* AppDelegate.swift in Sources */ = {isa = PBXBuildFile; fileRef = 348C5E06223C947700E88394 /* AppDelegate.swift */; };
		348C5E09223C947700E88394 /* ViewController.swift in Sources */ = {isa = PBXBuildFile; fileRef = 348C5E08223C947700E88394 /* ViewController.swift */; };
		348C5E0C223C947700E88394 /* Main.storyboard in Resources */ = {isa = PBXBuildFile; fileRef = 348C5E0A223C947700E88394 /* Main.storyboard */; };
		348C5E0E223C947800E88394 /* Assets.xcassets in Resources */ = {isa = PBXBuildFile; fileRef = 348C5E0D223C947800E88394 /* Assets.xcassets */; };
		348C5E11223C947800E88394 /* LaunchScreen.storyboard in Resources */ = {isa = PBXBuildFile; fileRef = 348C5E0F223C947800E88394 /* LaunchScreen.storyboard */; };
		348C5E19223CA51300E88394 /* ContactListViewCell.swift in Sources */ = {isa = PBXBuildFile; fileRef = 348C5E18223CA51300E88394 /* ContactListViewCell.swift */; };
		34B250CA2241C0BB00F29004 /* Settings.bundle in Resources */ = {isa = PBXBuildFile; fileRef = 34B250C92241C0BB00F29004 /* Settings.bundle */; };
		34B250CC2241E18300F29004 /* SetupViewController.swift in Sources */ = {isa = PBXBuildFile; fileRef = 34B250CB2241E18300F29004 /* SetupViewController.swift */; };
		34CEC5CD223F5EA100739456 /* ConversationTableViewCell.swift in Sources */ = {isa = PBXBuildFile; fileRef = 34CEC5CC223F5EA100739456 /* ConversationTableViewCell.swift */; };
		34CEC5CF223F5F7F00739456 /* MessagesViewController.swift in Sources */ = {isa = PBXBuildFile; fileRef = 34CEC5CE223F5F7F00739456 /* MessagesViewController.swift */; };
/* End PBXBuildFile section */

/* Begin PBXFileReference section */
		348C5E03223C947700E88394 /* Talk Time.app */ = {isa = PBXFileReference; explicitFileType = wrapper.application; includeInIndex = 0; path = "Talk Time.app"; sourceTree = BUILT_PRODUCTS_DIR; };
		348C5E06223C947700E88394 /* AppDelegate.swift */ = {isa = PBXFileReference; lastKnownFileType = sourcecode.swift; path = AppDelegate.swift; sourceTree = "<group>"; };
		348C5E08223C947700E88394 /* ViewController.swift */ = {isa = PBXFileReference; lastKnownFileType = sourcecode.swift; path = ViewController.swift; sourceTree = "<group>"; };
		348C5E0B223C947700E88394 /* Base */ = {isa = PBXFileReference; lastKnownFileType = file.storyboard; name = Base; path = Base.lproj/Main.storyboard; sourceTree = "<group>"; };
		348C5E0D223C947800E88394 /* Assets.xcassets */ = {isa = PBXFileReference; lastKnownFileType = folder.assetcatalog; path = Assets.xcassets; sourceTree = "<group>"; };
		348C5E10223C947800E88394 /* Base */ = {isa = PBXFileReference; lastKnownFileType = file.storyboard; name = Base; path = Base.lproj/LaunchScreen.storyboard; sourceTree = "<group>"; };
		348C5E12223C947800E88394 /* Info.plist */ = {isa = PBXFileReference; lastKnownFileType = text.plist.xml; path = Info.plist; sourceTree = "<group>"; };
		348C5E18223CA51300E88394 /* ContactListViewCell.swift */ = {isa = PBXFileReference; lastKnownFileType = sourcecode.swift; path = ContactListViewCell.swift; sourceTree = "<group>"; };
		34B250C92241C0BB00F29004 /* Settings.bundle */ = {isa = PBXFileReference; lastKnownFileType = "wrapper.plug-in"; path = Settings.bundle; sourceTree = "<group>"; };
		34B250CB2241E18300F29004 /* SetupViewController.swift */ = {isa = PBXFileReference; lastKnownFileType = sourcecode.swift; path = SetupViewController.swift; sourceTree = "<group>"; };
		34B250CD2241E20600F29004 /* Talk Time.entitlements */ = {isa = PBXFileReference; lastKnownFileType = text.plist.entitlements; path = "Talk Time.entitlements"; sourceTree = "<group>"; };
		34CEC5CC223F5EA100739456 /* ConversationTableViewCell.swift */ = {isa = PBXFileReference; lastKnownFileType = sourcecode.swift; path = ConversationTableViewCell.swift; sourceTree = "<group>"; };
		34CEC5CE223F5F7F00739456 /* MessagesViewController.swift */ = {isa = PBXFileReference; lastKnownFileType = sourcecode.swift; path = MessagesViewController.swift; sourceTree = "<group>"; };
/* End PBXFileReference section */

/* Begin PBXFrameworksBuildPhase section */
		348C5E00223C947700E88394 /* Frameworks */ = {
			isa = PBXFrameworksBuildPhase;
			buildActionMask = 2147483647;
			files = (
			);
			runOnlyForDeploymentPostprocessing = 0;
		};
/* End PBXFrameworksBuildPhase section */

/* Begin PBXGroup section */
		1EB31ECE1C2D68968D6CD7CD /* Pods */ = {
			isa = PBXGroup;
			children = (
			);
			path = Pods;
			sourceTree = "<group>";
		};
		348C5DFA223C947700E88394 = {
			isa = PBXGroup;
			children = (
				348C5E05223C947700E88394 /* Talk Time */,
				348C5E04223C947700E88394 /* Products */,
				1EB31ECE1C2D68968D6CD7CD /* Pods */,
			);
			sourceTree = "<group>";
		};
		348C5E04223C947700E88394 /* Products */ = {
			isa = PBXGroup;
			children = (
				348C5E03223C947700E88394 /* Talk Time.app */,
			);
			name = Products;
			sourceTree = "<group>";
		};
		348C5E05223C947700E88394 /* Talk Time */ = {
			isa = PBXGroup;
			children = (
				34B250CD2241E20600F29004 /* Talk Time.entitlements */,
				348C5E06223C947700E88394 /* AppDelegate.swift */,
				348C5E08223C947700E88394 /* ViewController.swift */,
				34CEC5CE223F5F7F00739456 /* MessagesViewController.swift */,
				348C5E0A223C947700E88394 /* Main.storyboard */,
				34B250CB2241E18300F29004 /* SetupViewController.swift */,
				34B250C92241C0BB00F29004 /* Settings.bundle */,
				34CEC5CC223F5EA100739456 /* ConversationTableViewCell.swift */,
				348C5E18223CA51300E88394 /* ContactListViewCell.swift */,
				348C5E0D223C947800E88394 /* Assets.xcassets */,
				348C5E0F223C947800E88394 /* LaunchScreen.storyboard */,
				348C5E12223C947800E88394 /* Info.plist */,
			);
			path = "Talk Time";
			sourceTree = "<group>";
		};
/* End PBXGroup section */

/* Begin PBXNativeTarget section */
		348C5E02223C947700E88394 /* Talk Time */ = {
			isa = PBXNativeTarget;
			buildConfigurationList = 348C5E15223C947800E88394 /* Build configuration list for PBXNativeTarget "Talk Time" */;
			buildPhases = (
				348C5DFF223C947700E88394 /* Sources */,
				348C5E00223C947700E88394 /* Frameworks */,
				348C5E01223C947700E88394 /* Resources */,
			);
			buildRules = (
			);
			dependencies = (
			);
			name = "Talk Time";
			productName = "Talk Time";
			productReference = 348C5E03223C947700E88394 /* Talk Time.app */;
			productType = "com.apple.product-type.application";
		};
/* End PBXNativeTarget section */

/* Begin PBXProject section */
		348C5DFB223C947700E88394 /* Project object */ = {
			isa = PBXProject;
			attributes = {
				LastSwiftUpdateCheck = 1010;
				LastUpgradeCheck = 1010;
				ORGANIZATIONNAME = Keypress;
				TargetAttributes = {
					348C5E02223C947700E88394 = {
						CreatedOnToolsVersion = 10.1;
						SystemCapabilities = {
							com.apple.DataProtection = {
								enabled = 1;
							};
						};
					};
				};
			};
			buildConfigurationList = 348C5DFE223C947700E88394 /* Build configuration list for PBXProject "Talk Time" */;
			compatibilityVersion = "Xcode 9.3";
			developmentRegion = en;
			hasScannedForEncodings = 0;
			knownRegions = (
				en,
				Base,
			);
			mainGroup = 348C5DFA223C947700E88394;
			productRefGroup = 348C5E04223C947700E88394 /* Products */;
			projectDirPath = "";
			projectRoot = "";
			targets = (
				348C5E02223C947700E88394 /* Talk Time */,
			);
		};
/* End PBXProject section */

/* Begin PBXResourcesBuildPhase section */
		348C5E01223C947700E88394 /* Resources */ = {
			isa = PBXResourcesBuildPhase;
			buildActionMask = 2147483647;
			files = (
				34B250CA2241C0BB00F29004 /* Settings.bundle in Resources */,
				348C5E11223C947800E88394 /* LaunchScreen.storyboard in Resources */,
				348C5E0E223C947800E88394 /* Assets.xcassets in Resources */,
				348C5E0C223C947700E88394 /* Main.storyboard in Resources */,
			);
			runOnlyForDeploymentPostprocessing = 0;
		};
/* End PBXResourcesBuildPhase section */

/* Begin PBXSourcesBuildPhase section */
		348C5DFF223C947700E88394 /* Sources */ = {
			isa = PBXSourcesBuildPhase;
			buildActionMask = 2147483647;
			files = (
				34CEC5CF223F5F7F00739456 /* MessagesViewController.swift in Sources */,
				34CEC5CD223F5EA100739456 /* ConversationTableViewCell.swift in Sources */,
				348C5E09223C947700E88394 /* ViewController.swift in Sources */,
				348C5E07223C947700E88394 /* AppDelegate.swift in Sources */,
				34B250CC2241E18300F29004 /* SetupViewController.swift in Sources */,
				348C5E19223CA51300E88394 /* ContactListViewCell.swift in Sources */,
			);
			runOnlyForDeploymentPostprocessing = 0;
		};
/* End PBXSourcesBuildPhase section */

/* Begin PBXVariantGroup section */
		348C5E0A223C947700E88394 /* Main.storyboard */ = {
			isa = PBXVariantGroup;
			children = (
				348C5E0B223C947700E88394 /* Base */,
			);
			name = Main.storyboard;
			sourceTree = "<group>";
		};
		348C5E0F223C947800E88394 /* LaunchScreen.storyboard */ = {
			isa = PBXVariantGroup;
			children = (
				348C5E10223C947800E88394 /* Base */,
			);
			name = LaunchScreen.storyboard;
			sourceTree = "<group>";
		};
/* End PBXVariantGroup section */

/* Begin XCBuildConfiguration section */
		348C5E13223C947800E88394 /* Debug */ = {
			isa = XCBuildConfiguration;
			buildSettings = {
				ALWAYS_SEARCH_USER_PATHS = NO;
				CLANG_ANALYZER_NONNULL = YES;
				CLANG_ANALYZER_NUMBER_OBJECT_CONVERSION = YES_AGGRESSIVE;
				CLANG_CXX_LANGUAGE_STANDARD = "gnu++14";
				CLANG_CXX_LIBRARY = "libc++";
				CLANG_ENABLE_MODULES = YES;
				CLANG_ENABLE_OBJC_ARC = YES;
				CLANG_ENABLE_OBJC_WEAK = YES;
				CLANG_WARN_BLOCK_CAPTURE_AUTORELEASING = YES;
				CLANG_WARN_BOOL_CONVERSION = YES;
				CLANG_WARN_COMMA = YES;
				CLANG_WARN_CONSTANT_CONVERSION = YES;
				CLANG_WARN_DEPRECATED_OBJC_IMPLEMENTATIONS = YES;
				CLANG_WARN_DIRECT_OBJC_ISA_USAGE = YES_ERROR;
				CLANG_WARN_DOCUMENTATION_COMMENTS = YES;
				CLANG_WARN_EMPTY_BODY = YES;
				CLANG_WARN_ENUM_CONVERSION = YES;
				CLANG_WARN_INFINITE_RECURSION = YES;
				CLANG_WARN_INT_CONVERSION = YES;
				CLANG_WARN_NON_LITERAL_NULL_CONVERSION = YES;
				CLANG_WARN_OBJC_IMPLICIT_RETAIN_SELF = YES;
				CLANG_WARN_OBJC_LITERAL_CONVERSION = YES;
				CLANG_WARN_OBJC_ROOT_CLASS = YES_ERROR;
				CLANG_WARN_RANGE_LOOP_ANALYSIS = YES;
				CLANG_WARN_STRICT_PROTOTYPES = YES;
				CLANG_WARN_SUSPICIOUS_MOVE = YES;
				CLANG_WARN_UNGUARDED_AVAILABILITY = YES_AGGRESSIVE;
				CLANG_WARN_UNREACHABLE_CODE = YES;
				CLANG_WARN__DUPLICATE_METHOD_MATCH = YES;
				CODE_SIGN_IDENTITY = "iPhone Developer";
				COPY_PHASE_STRIP = NO;
				DEBUG_INFORMATION_FORMAT = dwarf;
				ENABLE_STRICT_OBJC_MSGSEND = YES;
				ENABLE_TESTABILITY = YES;
				GCC_C_LANGUAGE_STANDARD = gnu11;
				GCC_DYNAMIC_NO_PIC = NO;
				GCC_NO_COMMON_BLOCKS = YES;
				GCC_OPTIMIZATION_LEVEL = 0;
				GCC_PREPROCESSOR_DEFINITIONS = (
					"DEBUG=1",
					"$(inherited)",
				);
				GCC_WARN_64_TO_32_BIT_CONVERSION = YES;
				GCC_WARN_ABOUT_RETURN_TYPE = YES_ERROR;
				GCC_WARN_UNDECLARED_SELECTOR = YES;
				GCC_WARN_UNINITIALIZED_AUTOS = YES_AGGRESSIVE;
				GCC_WARN_UNUSED_FUNCTION = YES;
				GCC_WARN_UNUSED_VARIABLE = YES;
				IPHONEOS_DEPLOYMENT_TARGET = 12.1;
				MTL_ENABLE_DEBUG_INFO = INCLUDE_SOURCE;
				MTL_FAST_MATH = YES;
				ONLY_ACTIVE_ARCH = YES;
				SDKROOT = iphoneos;
				SWIFT_ACTIVE_COMPILATION_CONDITIONS = DEBUG;
				SWIFT_OPTIMIZATION_LEVEL = "-Onone";
			};
			name = Debug;
		};
		348C5E14223C947800E88394 /* Release */ = {
			isa = XCBuildConfiguration;
			buildSettings = {
				ALWAYS_SEARCH_USER_PATHS = NO;
				CLANG_ANALYZER_NONNULL = YES;
				CLANG_ANALYZER_NUMBER_OBJECT_CONVERSION = YES_AGGRESSIVE;
				CLANG_CXX_LANGUAGE_STANDARD = "gnu++14";
				CLANG_CXX_LIBRARY = "libc++";
				CLANG_ENABLE_MODULES = YES;
				CLANG_ENABLE_OBJC_ARC = YES;
				CLANG_ENABLE_OBJC_WEAK = YES;
				CLANG_WARN_BLOCK_CAPTURE_AUTORELEASING = YES;
				CLANG_WARN_BOOL_CONVERSION = YES;
				CLANG_WARN_COMMA = YES;
				CLANG_WARN_CONSTANT_CONVERSION = YES;
				CLANG_WARN_DEPRECATED_OBJC_IMPLEMENTATIONS = YES;
				CLANG_WARN_DIRECT_OBJC_ISA_USAGE = YES_ERROR;
				CLANG_WARN_DOCUMENTATION_COMMENTS = YES;
				CLANG_WARN_EMPTY_BODY = YES;
				CLANG_WARN_ENUM_CONVERSION = YES;
				CLANG_WARN_INFINITE_RECURSION = YES;
				CLANG_WARN_INT_CONVERSION = YES;
				CLANG_WARN_NON_LITERAL_NULL_CONVERSION = YES;
				CLANG_WARN_OBJC_IMPLICIT_RETAIN_SELF = YES;
				CLANG_WARN_OBJC_LITERAL_CONVERSION = YES;
				CLANG_WARN_OBJC_ROOT_CLASS = YES_ERROR;
				CLANG_WARN_RANGE_LOOP_ANALYSIS = YES;
				CLANG_WARN_STRICT_PROTOTYPES = YES;
				CLANG_WARN_SUSPICIOUS_MOVE = YES;
				CLANG_WARN_UNGUARDED_AVAILABILITY = YES_AGGRESSIVE;
				CLANG_WARN_UNREACHABLE_CODE = YES;
				CLANG_WARN__DUPLICATE_METHOD_MATCH = YES;
				CODE_SIGN_IDENTITY = "iPhone Developer";
				COPY_PHASE_STRIP = NO;
				DEBUG_INFORMATION_FORMAT = "dwarf-with-dsym";
				ENABLE_NS_ASSERTIONS = NO;
				ENABLE_STRICT_OBJC_MSGSEND = YES;
				GCC_C_LANGUAGE_STANDARD = gnu11;
				GCC_NO_COMMON_BLOCKS = YES;
				GCC_WARN_64_TO_32_BIT_CONVERSION = YES;
				GCC_WARN_ABOUT_RETURN_TYPE = YES_ERROR;
				GCC_WARN_UNDECLARED_SELECTOR = YES;
				GCC_WARN_UNINITIALIZED_AUTOS = YES_AGGRESSIVE;
				GCC_WARN_UNUSED_FUNCTION = YES;
				GCC_WARN_UNUSED_VARIABLE = YES;
				IPHONEOS_DEPLOYMENT_TARGET = 12.1;
				MTL_ENABLE_DEBUG_INFO = NO;
				MTL_FAST_MATH = YES;
				SDKROOT = iphoneos;
				SWIFT_COMPILATION_MODE = wholemodule;
				SWIFT_OPTIMIZATION_LEVEL = "-O";
				VALIDATE_PRODUCT = YES;
			};
			name = Release;
		};
		348C5E16223C947800E88394 /* Debug */ = {
			isa = XCBuildConfiguration;
			buildSettings = {
				ASSETCATALOG_COMPILER_APPICON_NAME = AppIcon;
				CODE_SIGN_ENTITLEMENTS = "Talk Time/Talk Time.entitlements";
				CODE_SIGN_STYLE = Automatic;
				DEVELOPMENT_TEAM = 6Q9QMFV8K3;
				INFOPLIST_FILE = "Talk Time/Info.plist";
				IPHONEOS_DEPLOYMENT_TARGET = 12;
				LD_RUNPATH_SEARCH_PATHS = (
					"$(inherited)",
					"@executable_path/Frameworks",
				);
				PRODUCT_BUNDLE_IDENTIFIER = "com.Keypress.Talk-Time";
				PRODUCT_NAME = "$(TARGET_NAME)";
				SWIFT_VERSION = 4.2;
				TARGETED_DEVICE_FAMILY = "1,2";
			};
			name = Debug;
		};
		348C5E17223C947800E88394 /* Release */ = {
			isa = XCBuildConfiguration;
			buildSettings = {
				ASSETCATALOG_COMPILER_APPICON_NAME = AppIcon;
				CODE_SIGN_ENTITLEMENTS = "Talk Time/Talk Time.entitlements";
				CODE_SIGN_STYLE = Automatic;
				DEVELOPMENT_TEAM = 6Q9QMFV8K3;
				INFOPLIST_FILE = "Talk Time/Info.plist";
				IPHONEOS_DEPLOYMENT_TARGET = 12;
				LD_RUNPATH_SEARCH_PATHS = (
					"$(inherited)",
					"@executable_path/Frameworks",
				);
				PRODUCT_BUNDLE_IDENTIFIER = "com.Keypress.Talk-Time";
				PRODUCT_NAME = "$(TARGET_NAME)";
				SWIFT_VERSION = 4.2;
				TARGETED_DEVICE_FAMILY = "1,2";
			};
			name = Release;
		};
/* End XCBuildConfiguration section */

/* Begin XCConfigurationList section */
		348C5DFE223C947700E88394 /* Build configuration list for PBXProject "Talk Time" */ = {
			isa = XCConfigurationList;
			buildConfigurations = (
				348C5E13223C947800E88394 /* Debug */,
				348C5E14223C947800E88394 /* Release */,
			);
			defaultConfigurationIsVisible = 0;
			defaultConfigurationName = Release;
		};
		348C5E15223C947800E88394 /* Build configuration list for PBXNativeTarget "Talk Time" */ = {
			isa = XCConfigurationList;
			buildConfigurations = (
				348C5E16223C947800E88394 /* Debug */,
				348C5E17223C947800E88394 /* Release */,
			);
			defaultConfigurationIsVisible = 0;
			defaultConfigurationName = Release;
		};
/* End XCConfigurationList section */
	};
	rootObject = 348C5DFB223C947700E88394 /* Project object */;
}
